
Microsoft Visual Studio Solution File, Format Version 12.00
# Visual Studio Version 17
VisualStudioVersion = 17.11.35219.272
MinimumVisualStudioVersion = 10.0.40219.1
Project("{9A19103F-16F7-4668-BE54-9A1E7A4F7556}") = "Casino.Wallet", "Casino.Wallet\Casino.Wallet.csproj", "{3A354EC2-03BF-4C26-9927-DC8933411F17}"
EndProject
Project("{9A19103F-16F7-4668-BE54-9A1E7A4F7556}") = "Casino.Wallet.Common", "Casino.Wallet.Common\Casino.Wallet.Common.csproj", "{BA33C988-B579-48CB-A95F-56CDF0A8C7B2}"
EndProject
Project("{9A19103F-16F7-4668-BE54-9A1E7A4F7556}") = "Casino.Wallet.Tests", "Casino.Wallet.Tests\Casino.Wallet.Tests.csproj", "{86C9DA5A-C764-43CD-9303-6BC12226ADD4}"
EndProject
Project("{9A19103F-16F7-4668-BE54-9A1E7A4F7556}") = "Casino.Wallet.Core", "Casino.Wallet.Core\Casino.Wallet.Core.csproj", "{6EAD0504-167B-4008-AB08-E276A56D26A5}"
EndProject
Global
	GlobalSection(SolutionConfigurationPlatforms) = preSolution
		Debug|Any CPU = Debug|Any CPU
		Release|Any CPU = Release|Any CPU
	EndGlobalSection
	GlobalSection(ProjectConfigurationPlatforms) = postSolution
		{3A354EC2-03BF-4C26-9927-DC8933411F17}.Debug|Any CPU.ActiveCfg = Debug|Any CPU
		{3A354EC2-03BF-4C26-9927-DC8933411F17}.Debug|Any CPU.Build.0 = Debug|Any CPU
		{3A354EC2-03BF-4C26-9927-DC8933411F17}.Release|Any CPU.ActiveCfg = Release|Any CPU
		{3A354EC2-03BF-4C26-9927-DC8933411F17}.Release|Any CPU.Build.0 = Release|Any CPU
		{BA33C988-B579-48CB-A95F-56CDF0A8C7B2}.Debug|Any CPU.ActiveCfg = Debug|Any CPU
		{BA33C988-B579-48CB-A95F-56CDF0A8C7B2}.Debug|Any CPU.Build.0 = Debug|Any CPU
		{BA33C988-B579-48CB-A95F-56CDF0A8C7B2}.Release|Any CPU.ActiveCfg = Release|Any CPU
		{BA33C988-B579-48CB-A95F-56CDF0A8C7B2}.Release|Any CPU.Build.0 = Release|Any CPU
		{86C9DA5A-C764-43CD-9303-6BC12226ADD4}.Debug|Any CPU.ActiveCfg = Debug|Any CPU
		{86C9DA5A-C764-43CD-9303-6BC12226ADD4}.Debug|Any CPU.Build.0 = Debug|Any CPU
		{86C9DA5A-C764-43CD-9303-6BC12226ADD4}.Release|Any CPU.ActiveCfg = Release|Any CPU
		{86C9DA5A-C764-43CD-9303-6BC12226ADD4}.Release|Any CPU.Build.0 = Release|Any CPU
		{6EAD0504-167B-4008-AB08-E276A56D26A5}.Debug|Any CPU.ActiveCfg = Debug|Any CPU
		{6EAD0504-167B-4008-AB08-E276A56D26A5}.Debug|Any CPU.Build.0 = Debug|Any CPU
		{6EAD0504-167B-4008-AB08-E276A56D26A5}.Release|Any CPU.ActiveCfg = Release|Any CPU
		{6EAD0504-167B-4008-AB08-E276A56D26A5}.Release|Any CPU.Build.0 = Release|Any CPU
	EndGlobalSection
	GlobalSection(SolutionProperties) = preSolution
		HideSolutionNode = FALSE
	EndGlobalSection
	GlobalSection(ExtensibilityGlobals) = postSolution
		SolutionGuid = {1AA051E0-B08F-4769-8B3C-54EC3D7777DA}
	EndGlobalSection
EndGlobal
